
Microsoft Visual Studio Solution File, Format Version 12.00
# Visual Studio Version 16
VisualStudioVersion = 16.0.29009.5
MinimumVisualStudioVersion = 10.0.40219.1
Project("{FAE04EC0-301F-11D3-BF4B-00C04F79EFBC}") = "Exercise1", "Exercise1\Exercise1.csproj", "{F8DE5E0F-2B8E-4740-90A7-7AF904B3FBD2}"
EndProject
Project("{FAE04EC0-301F-11D3-BF4B-00C04F79EFBC}") = "Exercise2", "Exercise2\Exercise2.csproj", "{990A7482-573D-4A0D-B51C-3DF2B2196A8A}"
EndProject
Project("{FAE04EC0-301F-11D3-BF4B-00C04F79EFBC}") = "Exercise3", "Exercise3\Exercise3.csproj", "{B6747E04-17C4-4C79-BCBC-A0271A9DFEBD}"
EndProject
Project("{FAE04EC0-301F-11D3-BF4B-00C04F79EFBC}") = "Exercise4", "Exercise4\Exercise4.csproj", "{CCA47F71-40AE-4B2C-98E1-A4433D04FE7A}"
EndProject
Project("{FAE04EC0-301F-11D3-BF4B-00C04F79EFBC}") = "Exercise5", "Exercise5\Exercise5.csproj", "{6CCFC518-B417-430E-852F-CA67E7C6F07F}"
EndProject
Project("{FAE04EC0-301F-11D3-BF4B-00C04F79EFBC}") = "Exercise6 - FizzBuzz", "Exercise6 - FizzBuzz\Exercise6 - FizzBuzz.csproj", "{C1577B8C-7346-49FC-BFC8-8058E63A3E3B}"
EndProject
Project("{FAE04EC0-301F-11D3-BF4B-00C04F79EFBC}") = "Exercise7 - Piglet", "Exercise7 - Piglet\Exercise7 - Piglet.csproj", "{A19FDEC7-C8EB-4DC2-8E1B-FF9791E8D940}"
EndProject
Project("{FAE04EC0-301F-11D3-BF4B-00C04F79EFBC}") = "Exercise8 - AsciiFigure", "Exercise8 - AsciiFigure\Exercise8 - AsciiFigure.csproj", "{A73B8B52-DE0F-464D-B10A-20C3AEB7F320}"
EndProject
Project("{FAE04EC0-301F-11D3-BF4B-00C04F79EFBC}") = "Exercise9 - RollTwoDice", "Exercise9 - RollTwoDice\Exercise9 - RollTwoDice.csproj", "{C2A1770E-EFA2-4E02-B92C-1B488A500B4F}"
EndProject
Project("{FAE04EC0-301F-11D3-BF4B-00C04F79EFBC}") = "Exercise10 - NumberSquare", "Exercise10 - NumberSquare\Exercise10 - NumberSquare.csproj", "{A7B9DEEA-F3EF-45F1-9B06-BE4D123A4AAB}"
EndProject
Global
	GlobalSection(SolutionConfigurationPlatforms) = preSolution
		Debug|Any CPU = Debug|Any CPU
		Release|Any CPU = Release|Any CPU
	EndGlobalSection
	GlobalSection(ProjectConfigurationPlatforms) = postSolution
		{F8DE5E0F-2B8E-4740-90A7-7AF904B3FBD2}.Debug|Any CPU.ActiveCfg = Debug|Any CPU
		{F8DE5E0F-2B8E-4740-90A7-7AF904B3FBD2}.Debug|Any CPU.Build.0 = Debug|Any CPU
		{F8DE5E0F-2B8E-4740-90A7-7AF904B3FBD2}.Release|Any CPU.ActiveCfg = Release|Any CPU
		{F8DE5E0F-2B8E-4740-90A7-7AF904B3FBD2}.Release|Any CPU.Build.0 = Release|Any CPU
		{990A7482-573D-4A0D-B51C-3DF2B2196A8A}.Debug|Any CPU.ActiveCfg = Debug|Any CPU
		{990A7482-573D-4A0D-B51C-3DF2B2196A8A}.Debug|Any CPU.Build.0 = Debug|Any CPU
		{990A7482-573D-4A0D-B51C-3DF2B2196A8A}.Release|Any CPU.ActiveCfg = Release|Any CPU
		{990A7482-573D-4A0D-B51C-3DF2B2196A8A}.Release|Any CPU.Build.0 = Release|Any CPU
		{B6747E04-17C4-4C79-BCBC-A0271A9DFEBD}.Debug|Any CPU.ActiveCfg = Debug|Any CPU
		{B6747E04-17C4-4C79-BCBC-A0271A9DFEBD}.Debug|Any CPU.Build.0 = Debug|Any CPU
		{B6747E04-17C4-4C79-BCBC-A0271A9DFEBD}.Release|Any CPU.ActiveCfg = Release|Any CPU
		{B6747E04-17C4-4C79-BCBC-A0271A9DFEBD}.Release|Any CPU.Build.0 = Release|Any CPU
		{CCA47F71-40AE-4B2C-98E1-A4433D04FE7A}.Debug|Any CPU.ActiveCfg = Debug|Any CPU
		{CCA47F71-40AE-4B2C-98E1-A4433D04FE7A}.Debug|Any CPU.Build.0 = Debug|Any CPU
		{CCA47F71-40AE-4B2C-98E1-A4433D04FE7A}.Release|Any CPU.ActiveCfg = Release|Any CPU
		{CCA47F71-40AE-4B2C-98E1-A4433D04FE7A}.Release|Any CPU.Build.0 = Release|Any CPU
		{6CCFC518-B417-430E-852F-CA67E7C6F07F}.Debug|Any CPU.ActiveCfg = Debug|Any CPU
		{6CCFC518-B417-430E-852F-CA67E7C6F07F}.Debug|Any CPU.Build.0 = Debug|Any CPU
		{6CCFC518-B417-430E-852F-CA67E7C6F07F}.Release|Any CPU.ActiveCfg = Release|Any CPU
		{6CCFC518-B417-430E-852F-CA67E7C6F07F}.Release|Any CPU.Build.0 = Release|Any CPU
		{C1577B8C-7346-49FC-BFC8-8058E63A3E3B}.Debug|Any CPU.ActiveCfg = Debug|Any CPU
		{C1577B8C-7346-49FC-BFC8-8058E63A3E3B}.Debug|Any CPU.Build.0 = Debug|Any CPU
		{C1577B8C-7346-49FC-BFC8-8058E63A3E3B}.Release|Any CPU.ActiveCfg = Release|Any CPU
		{C1577B8C-7346-49FC-BFC8-8058E63A3E3B}.Release|Any CPU.Build.0 = Release|Any CPU
		{A19FDEC7-C8EB-4DC2-8E1B-FF9791E8D940}.Debug|Any CPU.ActiveCfg = Debug|Any CPU
		{A19FDEC7-C8EB-4DC2-8E1B-FF9791E8D940}.Debug|Any CPU.Build.0 = Debug|Any CPU
		{A19FDEC7-C8EB-4DC2-8E1B-FF9791E8D940}.Release|Any CPU.ActiveCfg = Release|Any CPU
		{A19FDEC7-C8EB-4DC2-8E1B-FF9791E8D940}.Release|Any CPU.Build.0 = Release|Any CPU
		{A73B8B52-DE0F-464D-B10A-20C3AEB7F320}.Debug|Any CPU.ActiveCfg = Debug|Any CPU
		{A73B8B52-DE0F-464D-B10A-20C3AEB7F320}.Debug|Any CPU.Build.0 = Debug|Any CPU
		{A73B8B52-DE0F-464D-B10A-20C3AEB7F320}.Release|Any CPU.ActiveCfg = Release|Any CPU
		{A73B8B52-DE0F-464D-B10A-20C3AEB7F320}.Release|Any CPU.Build.0 = Release|Any CPU
		{C2A1770E-EFA2-4E02-B92C-1B488A500B4F}.Debug|Any CPU.ActiveCfg = Debug|Any CPU
		{C2A1770E-EFA2-4E02-B92C-1B488A500B4F}.Debug|Any CPU.Build.0 = Debug|Any CPU
		{C2A1770E-EFA2-4E02-B92C-1B488A500B4F}.Release|Any CPU.ActiveCfg = Release|Any CPU
		{C2A1770E-EFA2-4E02-B92C-1B488A500B4F}.Release|Any CPU.Build.0 = Release|Any CPU
		{A7B9DEEA-F3EF-45F1-9B06-BE4D123A4AAB}.Debug|Any CPU.ActiveCfg = Debug|Any CPU
		{A7B9DEEA-F3EF-45F1-9B06-BE4D123A4AAB}.Debug|Any CPU.Build.0 = Debug|Any CPU
		{A7B9DEEA-F3EF-45F1-9B06-BE4D123A4AAB}.Release|Any CPU.ActiveCfg = Release|Any CPU
		{A7B9DEEA-F3EF-45F1-9B06-BE4D123A4AAB}.Release|Any CPU.Build.0 = Release|Any CPU
	EndGlobalSection
	GlobalSection(SolutionProperties) = preSolution
		HideSolutionNode = FALSE
	EndGlobalSection
	GlobalSection(ExtensibilityGlobals) = postSolution
		SolutionGuid = {9E2B805A-E209-4714-AE87-3C7317951F1D}
	EndGlobalSection
EndGlobal
